
Microsoft Visual Studio Solution File, Format Version 11.00
# Visual Studio 2010
Project("{FAE04EC0-301F-11D3-BF4B-00C04F79EFBC}") = "serverside-terraria", "serverside-terraria\serverside-terraria.csproj", "{4EE12465-27F5-4F84-B767-AF1B0BF5718A}"
EndProject
Global
	GlobalSection(SolutionConfigurationPlatforms) = preSolution
		Debug|Any CPU = Debug|Any CPU
		Release|Any CPU = Release|Any CPU
	EndGlobalSection
	GlobalSection(ProjectConfigurationPlatforms) = postSolution
		{4EE12465-27F5-4F84-B767-AF1B0BF5718A}.Debug|Any CPU.ActiveCfg = Debug|Any CPU
		{4EE12465-27F5-4F84-B767-AF1B0BF5718A}.Debug|Any CPU.Build.0 = Debug|Any CPU
		{4EE12465-27F5-4F84-B767-AF1B0BF5718A}.Release|Any CPU.ActiveCfg = Release|Any CPU
		{4EE12465-27F5-4F84-B767-AF1B0BF5718A}.Release|Any CPU.Build.0 = Release|Any CPU
	EndGlobalSection
	GlobalSection(SolutionProperties) = preSolution
		HideSolutionNode = FALSE
	EndGlobalSection
EndGlobal
